
Microsoft Visual Studio Solution File, Format Version 12.00
# Visual Studio Version 16
VisualStudioVersion = 16.0.30104.148
MinimumVisualStudioVersion = 10.0.40219.1
Project("{FAE04EC0-301F-11D3-BF4B-00C04F79EFBC}") = "WindowsFormsApp1", "WindowsFormsApp1.csproj", "{2B397A00-B55B-4E21-B26D-0A9424591E89}"
EndProject
Global
	GlobalSection(SolutionConfigurationPlatforms) = preSolution
		Debug|Any CPU = Debug|Any CPU
		Release|Any CPU = Release|Any CPU
	EndGlobalSection
	GlobalSection(ProjectConfigurationPlatforms) = postSolution
		{2B397A00-B55B-4E21-B26D-0A9424591E89}.Debug|Any CPU.ActiveCfg = Debug|Any CPU
		{2B397A00-B55B-4E21-B26D-0A9424591E89}.Debug|Any CPU.Build.0 = Debug|Any CPU
		{2B397A00-B55B-4E21-B26D-0A9424591E89}.Release|Any CPU.ActiveCfg = Release|Any CPU
		{2B397A00-B55B-4E21-B26D-0A9424591E89}.Release|Any CPU.Build.0 = Release|Any CPU
	EndGlobalSection
	GlobalSection(SolutionProperties) = preSolution
		HideSolutionNode = FALSE
	EndGlobalSection
	GlobalSection(ExtensibilityGlobals) = postSolution
		SolutionGuid = {DE2491EF-B54C-4DC7-9E83-C537114BE91A}
	EndGlobalSection
EndGlobal
